
Microsoft Visual Studio Solution File, Format Version 12.00
# Visual Studio Version 17
VisualStudioVersion = 17.13.35825.156 d17.13
MinimumVisualStudioVersion = 10.0.40219.1
Project("{FAE04EC0-301F-11D3-BF4B-00C04F79EFBC}") = "Orders.Backend", "Orders.Backend\Orders.Backend.csproj", "{647666EC-141B-4C32-B6DE-D4A4F79CF9F5}"
EndProject
Project("{FAE04EC0-301F-11D3-BF4B-00C04F79EFBC}") = "Orders.Frontend", "Orders.Frontend\Orders.Frontend.csproj", "{D47E2E4B-7B6C-4818-9664-B3D4511DB05A}"
EndProject
Project("{FAE04EC0-301F-11D3-BF4B-00C04F79EFBC}") = "Orders.Shared", "Orders.Shared\Orders.Shared.csproj", "{91F62309-0D5D-430B-AC2D-BAD7DF2665A2}"
EndProject
Project("{FAE04EC0-301F-11D3-BF4B-00C04F79EFBC}") = "Orders.Tests", "Orders.Tests\Orders.Tests.csproj", "{27C6F160-630F-4913-AFF8-ABC7BE7E34B5}"
EndProject
Global
	GlobalSection(SolutionConfigurationPlatforms) = preSolution
		Debug|Any CPU = Debug|Any CPU
		Release|Any CPU = Release|Any CPU
	EndGlobalSection
	GlobalSection(ProjectConfigurationPlatforms) = postSolution
		{647666EC-141B-4C32-B6DE-D4A4F79CF9F5}.Debug|Any CPU.ActiveCfg = Debug|Any CPU
		{647666EC-141B-4C32-B6DE-D4A4F79CF9F5}.Debug|Any CPU.Build.0 = Debug|Any CPU
		{647666EC-141B-4C32-B6DE-D4A4F79CF9F5}.Release|Any CPU.ActiveCfg = Release|Any CPU
		{647666EC-141B-4C32-B6DE-D4A4F79CF9F5}.Release|Any CPU.Build.0 = Release|Any CPU
		{D47E2E4B-7B6C-4818-9664-B3D4511DB05A}.Debug|Any CPU.ActiveCfg = Debug|Any CPU
		{D47E2E4B-7B6C-4818-9664-B3D4511DB05A}.Debug|Any CPU.Build.0 = Debug|Any CPU
		{D47E2E4B-7B6C-4818-9664-B3D4511DB05A}.Release|Any CPU.ActiveCfg = Release|Any CPU
		{D47E2E4B-7B6C-4818-9664-B3D4511DB05A}.Release|Any CPU.Build.0 = Release|Any CPU
		{91F62309-0D5D-430B-AC2D-BAD7DF2665A2}.Debug|Any CPU.ActiveCfg = Debug|Any CPU
		{91F62309-0D5D-430B-AC2D-BAD7DF2665A2}.Debug|Any CPU.Build.0 = Debug|Any CPU
		{91F62309-0D5D-430B-AC2D-BAD7DF2665A2}.Release|Any CPU.ActiveCfg = Release|Any CPU
		{91F62309-0D5D-430B-AC2D-BAD7DF2665A2}.Release|Any CPU.Build.0 = Release|Any CPU
		{27C6F160-630F-4913-AFF8-ABC7BE7E34B5}.Debug|Any CPU.ActiveCfg = Debug|Any CPU
		{27C6F160-630F-4913-AFF8-ABC7BE7E34B5}.Debug|Any CPU.Build.0 = Debug|Any CPU
		{27C6F160-630F-4913-AFF8-ABC7BE7E34B5}.Release|Any CPU.ActiveCfg = Release|Any CPU
		{27C6F160-630F-4913-AFF8-ABC7BE7E34B5}.Release|Any CPU.Build.0 = Release|Any CPU
	EndGlobalSection
	GlobalSection(SolutionProperties) = preSolution
		HideSolutionNode = FALSE
	EndGlobalSection
	GlobalSection(ExtensibilityGlobals) = postSolution
		SolutionGuid = {4DF3D148-B3CC-474B-95BD-0BCBF5EA3A14}
	EndGlobalSection
EndGlobal
